
Microsoft Visual Studio Solution File, Format Version 12.00
# Visual Studio 15
VisualStudioVersion = 15.0.26430.6
MinimumVisualStudioVersion = 10.0.40219.1
Project("{FAE04EC0-301F-11D3-BF4B-00C04F79EFBC}") = "OpenTK3DViewer_text_Quad_bmp", "OpenTK3DViewer_text_Quad_bmp.csproj", "{1A4161A9-BDFD-4C9B-9BAE-E2C90A481428}"
EndProject
Project("{FAE04EC0-301F-11D3-BF4B-00C04F79EFBC}") = "3DRobot", "..\myGit\3DViewer\3DRobot.csproj", "{72F10961-6E2B-4CAC-8F1F-861F984AA2DF}"
EndProject
Project("{FAE04EC0-301F-11D3-BF4B-00C04F79EFBC}") = "PointCloudConsole", "..\..\..\..\Visual Studio 2017\Projects\PointCloudConsole\PointCloudConsole.csproj", "{A4EC5703-4BCD-48AC-B0E4-F0E3EEC82C73}"
EndProject
Project("{FAE04EC0-301F-11D3-BF4B-00C04F79EFBC}") = "OpenTK_Text_QuickFont_VAO_VBO", "..\OpenTK_Text_Quad\OpenTK_Text_QuickFont_VAO_VBO.csproj", "{8D0A0C49-5E12-4A04-9C18-B7C6C0E50F57}"
EndProject
Project("{FAE04EC0-301F-11D3-BF4B-00C04F79EFBC}") = "OpenTK_generate_text_bmp", "OpenTK_textDemo_01\OpenTK_generate_text_bmp.csproj", "{9C12879C-51C7-431C-97A1-FFFD71535842}"
EndProject
Project("{FAE04EC0-301F-11D3-BF4B-00C04F79EFBC}") = "OpenTK_appArchitecture", "..\OpenTK_appArchitecture\OpenTK_appArchitecture.csproj", "{A0AE44C3-2ED8-4BE3-815F-BD5DDFE28F82}"
EndProject
Project("{FAE04EC0-301F-11D3-BF4B-00C04F79EFBC}") = "QFont_MDI_no_good", "..\QFontMyDemo\QFont_MDI_no_good.csproj", "{F2CAA627-24E3-4E07-BA8D-93036C2221DC}"
EndProject
Project("{FAE04EC0-301F-11D3-BF4B-00C04F79EFBC}") = "MyTextRender_VAO_VBO", "MyTextRender_VAO_VBO\MyTextRender_VAO_VBO.csproj", "{28F28EAF-7E92-416D-BEF9-A1D630090BC9}"
EndProject
Global
	GlobalSection(SolutionConfigurationPlatforms) = preSolution
		Debug|Any CPU = Debug|Any CPU
		Debug|x86 = Debug|x86
		Release|Any CPU = Release|Any CPU
		Release|x86 = Release|x86
	EndGlobalSection
	GlobalSection(ProjectConfigurationPlatforms) = postSolution
		{1A4161A9-BDFD-4C9B-9BAE-E2C90A481428}.Debug|Any CPU.ActiveCfg = Debug|x86
		{1A4161A9-BDFD-4C9B-9BAE-E2C90A481428}.Debug|x86.ActiveCfg = Debug|x86
		{1A4161A9-BDFD-4C9B-9BAE-E2C90A481428}.Debug|x86.Build.0 = Debug|x86
		{1A4161A9-BDFD-4C9B-9BAE-E2C90A481428}.Release|Any CPU.ActiveCfg = Release|x86
		{1A4161A9-BDFD-4C9B-9BAE-E2C90A481428}.Release|x86.ActiveCfg = Release|x86
		{1A4161A9-BDFD-4C9B-9BAE-E2C90A481428}.Release|x86.Build.0 = Release|x86
		{72F10961-6E2B-4CAC-8F1F-861F984AA2DF}.Debug|Any CPU.ActiveCfg = Debug|x86
		{72F10961-6E2B-4CAC-8F1F-861F984AA2DF}.Debug|x86.ActiveCfg = Debug|x86
		{72F10961-6E2B-4CAC-8F1F-861F984AA2DF}.Debug|x86.Build.0 = Debug|x86
		{72F10961-6E2B-4CAC-8F1F-861F984AA2DF}.Release|Any CPU.ActiveCfg = Release|x86
		{72F10961-6E2B-4CAC-8F1F-861F984AA2DF}.Release|x86.ActiveCfg = Release|x86
		{72F10961-6E2B-4CAC-8F1F-861F984AA2DF}.Release|x86.Build.0 = Release|x86
		{A4EC5703-4BCD-48AC-B0E4-F0E3EEC82C73}.Debug|Any CPU.ActiveCfg = Debug|Any CPU
		{A4EC5703-4BCD-48AC-B0E4-F0E3EEC82C73}.Debug|Any CPU.Build.0 = Debug|Any CPU
		{A4EC5703-4BCD-48AC-B0E4-F0E3EEC82C73}.Debug|x86.ActiveCfg = Debug|Any CPU
		{A4EC5703-4BCD-48AC-B0E4-F0E3EEC82C73}.Debug|x86.Build.0 = Debug|Any CPU
		{A4EC5703-4BCD-48AC-B0E4-F0E3EEC82C73}.Release|Any CPU.ActiveCfg = Release|Any CPU
		{A4EC5703-4BCD-48AC-B0E4-F0E3EEC82C73}.Release|Any CPU.Build.0 = Release|Any CPU
		{A4EC5703-4BCD-48AC-B0E4-F0E3EEC82C73}.Release|x86.ActiveCfg = Release|Any CPU
		{A4EC5703-4BCD-48AC-B0E4-F0E3EEC82C73}.Release|x86.Build.0 = Release|Any CPU
		{8D0A0C49-5E12-4A04-9C18-B7C6C0E50F57}.Debug|Any CPU.ActiveCfg = Debug|Any CPU
		{8D0A0C49-5E12-4A04-9C18-B7C6C0E50F57}.Debug|Any CPU.Build.0 = Debug|Any CPU
		{8D0A0C49-5E12-4A04-9C18-B7C6C0E50F57}.Debug|x86.ActiveCfg = Debug|Any CPU
		{8D0A0C49-5E12-4A04-9C18-B7C6C0E50F57}.Debug|x86.Build.0 = Debug|Any CPU
		{8D0A0C49-5E12-4A04-9C18-B7C6C0E50F57}.Release|Any CPU.ActiveCfg = Release|Any CPU
		{8D0A0C49-5E12-4A04-9C18-B7C6C0E50F57}.Release|Any CPU.Build.0 = Release|Any CPU
		{8D0A0C49-5E12-4A04-9C18-B7C6C0E50F57}.Release|x86.ActiveCfg = Release|Any CPU
		{8D0A0C49-5E12-4A04-9C18-B7C6C0E50F57}.Release|x86.Build.0 = Release|Any CPU
		{9C12879C-51C7-431C-97A1-FFFD71535842}.Debug|Any CPU.ActiveCfg = Debug|Any CPU
		{9C12879C-51C7-431C-97A1-FFFD71535842}.Debug|Any CPU.Build.0 = Debug|Any CPU
		{9C12879C-51C7-431C-97A1-FFFD71535842}.Debug|x86.ActiveCfg = Debug|Any CPU
		{9C12879C-51C7-431C-97A1-FFFD71535842}.Debug|x86.Build.0 = Debug|Any CPU
		{9C12879C-51C7-431C-97A1-FFFD71535842}.Release|Any CPU.ActiveCfg = Release|Any CPU
		{9C12879C-51C7-431C-97A1-FFFD71535842}.Release|Any CPU.Build.0 = Release|Any CPU
		{9C12879C-51C7-431C-97A1-FFFD71535842}.Release|x86.ActiveCfg = Release|Any CPU
		{9C12879C-51C7-431C-97A1-FFFD71535842}.Release|x86.Build.0 = Release|Any CPU
		{A0AE44C3-2ED8-4BE3-815F-BD5DDFE28F82}.Debug|Any CPU.ActiveCfg = Debug|Any CPU
		{A0AE44C3-2ED8-4BE3-815F-BD5DDFE28F82}.Debug|Any CPU.Build.0 = Debug|Any CPU
		{A0AE44C3-2ED8-4BE3-815F-BD5DDFE28F82}.Debug|x86.ActiveCfg = Debug|Any CPU
		{A0AE44C3-2ED8-4BE3-815F-BD5DDFE28F82}.Debug|x86.Build.0 = Debug|Any CPU
		{A0AE44C3-2ED8-4BE3-815F-BD5DDFE28F82}.Release|Any CPU.ActiveCfg = Release|Any CPU
		{A0AE44C3-2ED8-4BE3-815F-BD5DDFE28F82}.Release|Any CPU.Build.0 = Release|Any CPU
		{A0AE44C3-2ED8-4BE3-815F-BD5DDFE28F82}.Release|x86.ActiveCfg = Release|Any CPU
		{A0AE44C3-2ED8-4BE3-815F-BD5DDFE28F82}.Release|x86.Build.0 = Release|Any CPU
		{F2CAA627-24E3-4E07-BA8D-93036C2221DC}.Debug|Any CPU.ActiveCfg = Debug|Any CPU
		{F2CAA627-24E3-4E07-BA8D-93036C2221DC}.Debug|Any CPU.Build.0 = Debug|Any CPU
		{F2CAA627-24E3-4E07-BA8D-93036C2221DC}.Debug|x86.ActiveCfg = Debug|Any CPU
		{F2CAA627-24E3-4E07-BA8D-93036C2221DC}.Debug|x86.Build.0 = Debug|Any CPU
		{F2CAA627-24E3-4E07-BA8D-93036C2221DC}.Release|Any CPU.ActiveCfg = Release|Any CPU
		{F2CAA627-24E3-4E07-BA8D-93036C2221DC}.Release|Any CPU.Build.0 = Release|Any CPU
		{F2CAA627-24E3-4E07-BA8D-93036C2221DC}.Release|x86.ActiveCfg = Release|Any CPU
		{F2CAA627-24E3-4E07-BA8D-93036C2221DC}.Release|x86.Build.0 = Release|Any CPU
		{28F28EAF-7E92-416D-BEF9-A1D630090BC9}.Debug|Any CPU.ActiveCfg = Debug|Any CPU
		{28F28EAF-7E92-416D-BEF9-A1D630090BC9}.Debug|Any CPU.Build.0 = Debug|Any CPU
		{28F28EAF-7E92-416D-BEF9-A1D630090BC9}.Debug|x86.ActiveCfg = Debug|Any CPU
		{28F28EAF-7E92-416D-BEF9-A1D630090BC9}.Debug|x86.Build.0 = Debug|Any CPU
		{28F28EAF-7E92-416D-BEF9-A1D630090BC9}.Release|Any CPU.ActiveCfg = Release|Any CPU
		{28F28EAF-7E92-416D-BEF9-A1D630090BC9}.Release|Any CPU.Build.0 = Release|Any CPU
		{28F28EAF-7E92-416D-BEF9-A1D630090BC9}.Release|x86.ActiveCfg = Release|Any CPU
		{28F28EAF-7E92-416D-BEF9-A1D630090BC9}.Release|x86.Build.0 = Release|Any CPU
	EndGlobalSection
	GlobalSection(SolutionProperties) = preSolution
		HideSolutionNode = FALSE
	EndGlobalSection
EndGlobal
